
Microsoft Visual Studio Solution File, Format Version 12.00
# Visual Studio Version 17
VisualStudioVersion = 17.4.33213.308
MinimumVisualStudioVersion = 10.0.40219.1
Project("{FAE04EC0-301F-11D3-BF4B-00C04F79EFBC}") = "TrainDataet", "TrainDataet\TrainDataet.csproj", "{783E9E95-9CB9-4226-99B8-99F954783614}"
EndProject
Project("{9A19103F-16F7-4668-BE54-9A1E7A4F7556}") = "MLModel_WebApi1", "MLModel_WebApi1\MLModel_WebApi1.csproj", "{ADA3F003-591D-4377-BB19-08FDFA477FAE}"
EndProject
Project("{9A19103F-16F7-4668-BE54-9A1E7A4F7556}") = "MLModel_ConsoleApp1", "MLModel_ConsoleApp1\MLModel_ConsoleApp1.csproj", "{A7E3B28F-DD39-43C9-96DC-D635739821C2}"
EndProject
Global
	GlobalSection(SolutionConfigurationPlatforms) = preSolution
		Debug|Any CPU = Debug|Any CPU
		Release|Any CPU = Release|Any CPU
	EndGlobalSection
	GlobalSection(ProjectConfigurationPlatforms) = postSolution
		{783E9E95-9CB9-4226-99B8-99F954783614}.Debug|Any CPU.ActiveCfg = Debug|Any CPU
		{783E9E95-9CB9-4226-99B8-99F954783614}.Debug|Any CPU.Build.0 = Debug|Any CPU
		{783E9E95-9CB9-4226-99B8-99F954783614}.Release|Any CPU.ActiveCfg = Release|Any CPU
		{783E9E95-9CB9-4226-99B8-99F954783614}.Release|Any CPU.Build.0 = Release|Any CPU
		{ADA3F003-591D-4377-BB19-08FDFA477FAE}.Debug|Any CPU.ActiveCfg = Debug|Any CPU
		{ADA3F003-591D-4377-BB19-08FDFA477FAE}.Debug|Any CPU.Build.0 = Debug|Any CPU
		{ADA3F003-591D-4377-BB19-08FDFA477FAE}.Release|Any CPU.ActiveCfg = Release|Any CPU
		{ADA3F003-591D-4377-BB19-08FDFA477FAE}.Release|Any CPU.Build.0 = Release|Any CPU
		{A7E3B28F-DD39-43C9-96DC-D635739821C2}.Debug|Any CPU.ActiveCfg = Debug|Any CPU
		{A7E3B28F-DD39-43C9-96DC-D635739821C2}.Debug|Any CPU.Build.0 = Debug|Any CPU
		{A7E3B28F-DD39-43C9-96DC-D635739821C2}.Release|Any CPU.ActiveCfg = Release|Any CPU
		{A7E3B28F-DD39-43C9-96DC-D635739821C2}.Release|Any CPU.Build.0 = Release|Any CPU
	EndGlobalSection
	GlobalSection(SolutionProperties) = preSolution
		HideSolutionNode = FALSE
	EndGlobalSection
	GlobalSection(ExtensibilityGlobals) = postSolution
		SolutionGuid = {33EC2D1B-1132-49E7-88F1-38AA94C38106}
	EndGlobalSection
EndGlobal
